
Microsoft Visual Studio Solution File, Format Version 12.00
# Visual Studio 14
VisualStudioVersion = 14.0.23107.0
MinimumVisualStudioVersion = 10.0.40219.1
Project("{FAE04EC0-301F-11D3-BF4B-00C04F79EFBC}") = "象棋算法", "象棋算法\象棋算法.csproj", "{BC549BD0-75B2-41D4-86AB-215F717EDB83}"
EndProject
Global
	GlobalSection(SolutionConfigurationPlatforms) = preSolution
		Debug|Any CPU = Debug|Any CPU
		Release|Any CPU = Release|Any CPU
	EndGlobalSection
	GlobalSection(ProjectConfigurationPlatforms) = postSolution
		{BC549BD0-75B2-41D4-86AB-215F717EDB83}.Debug|Any CPU.ActiveCfg = Debug|Any CPU
		{BC549BD0-75B2-41D4-86AB-215F717EDB83}.Debug|Any CPU.Build.0 = Debug|Any CPU
		{BC549BD0-75B2-41D4-86AB-215F717EDB83}.Release|Any CPU.ActiveCfg = Release|Any CPU
		{BC549BD0-75B2-41D4-86AB-215F717EDB83}.Release|Any CPU.Build.0 = Release|Any CPU
	EndGlobalSection
	GlobalSection(SolutionProperties) = preSolution
		HideSolutionNode = FALSE
	EndGlobalSection
EndGlobal
